
Microsoft Visual Studio Solution File, Format Version 12.00
# Visual Studio Version 17
VisualStudioVersion = 17.8.34316.72
MinimumVisualStudioVersion = 10.0.40219.1
Project("{FAE04EC0-301F-11D3-BF4B-00C04F79EFBC}") = "testprojekt", "testprojekt\testprojekt.csproj", "{B07EB122-4D4E-4EAB-993F-AA11C894740F}"
EndProject
Global
	GlobalSection(SolutionConfigurationPlatforms) = preSolution
		Debug|Any CPU = Debug|Any CPU
		Release|Any CPU = Release|Any CPU
	EndGlobalSection
	GlobalSection(ProjectConfigurationPlatforms) = postSolution
		{B07EB122-4D4E-4EAB-993F-AA11C894740F}.Debug|Any CPU.ActiveCfg = Debug|Any CPU
		{B07EB122-4D4E-4EAB-993F-AA11C894740F}.Debug|Any CPU.Build.0 = Debug|Any CPU
		{B07EB122-4D4E-4EAB-993F-AA11C894740F}.Release|Any CPU.ActiveCfg = Release|Any CPU
		{B07EB122-4D4E-4EAB-993F-AA11C894740F}.Release|Any CPU.Build.0 = Release|Any CPU
	EndGlobalSection
	GlobalSection(SolutionProperties) = preSolution
		HideSolutionNode = FALSE
	EndGlobalSection
	GlobalSection(ExtensibilityGlobals) = postSolution
		SolutionGuid = {81FD786C-DE32-4CDE-96F7-933B707C663D}
	EndGlobalSection
EndGlobal
